<?xml version="1.0" encoding="utf-8"?>
<Project ToolsVersion="4.0" xmlns="http://schemas.microsoft.com/developer/msbuild/2003">
  <ItemGroup>
    <ClCompile Include="EngineDX.cpp">
      <Filter>Core</Filter>
    </ClCompile>
    <ClCompile Include="Application.cpp">
      <Filter>Core</Filter>
    </ClCompile>
    <ClCompile Include="D3D12MemAlloc.cpp">
      <Filter>Core</Filter>
    </ClCompile>
    <ClCompile Include="DebugDrawPass.cpp">
      <Filter>Passes</Filter>
    </ClCompile>
    <ClCompile Include="Exercise3.cpp">
      <Filter>Exercises</Filter>
    </ClCompile>
    <ClCompile Include="Exercise2.cpp">
      <Filter>Exercises</Filter>
    </ClCompile>
    <ClCompile Include="Exercise1.cpp">
      <Filter>Exercises</Filter>
    </ClCompile>
    <ClCompile Include="GamePad.cpp">
      <Filter>Core</Filter>
    </ClCompile>
    <ClCompile Include="Keyboard.cpp">
      <Filter>Core</Filter>
    </ClCompile>
    <ClCompile Include="ModuleCamera.cpp">
      <Filter>Modules</Filter>
    </ClCompile>
    <ClCompile Include="ModuleD3D12.cpp">
      <Filter>Modules</Filter>
    </ClCompile>
    <ClCompile Include="ModuleInput.cpp">
      <Filter>Modules</Filter>
    </ClCompile>
    <ClCompile Include="ModuleRender.cpp">
      <Filter>Modules</Filter>
    </ClCompile>
    <ClCompile Include="Mouse.cpp">
      <Filter>Core</Filter>
    </ClCompile>
    <ClCompile Include="SimpleMath.cpp">
      <Filter>Core</Filter>
    </ClCompile>
    <ClCompile Include="Globals.cpp">
      <Filter>Core</Filter>
    </ClCompile>
    <ClCompile Include="ModuleLevel.cpp">
      <Filter>Modules</Filter>
    </ClCompile>
    <ClCompile Include="Material.cpp">
      <Filter>Scene</Filter>
    </ClCompile>
    <ClCompile Include="Mesh.cpp">
      <Filter>Scene</Filter>
    </ClCompile>
    <ClCompile Include="Scene.cpp">
      <Filter>Scene</Filter>
    </ClCompile>
    <ClCompile Include="Skybox.cpp">
      <Filter>Scene</Filter>
    </ClCompile>
    <ClCompile Include="ModuleResources.cpp">
      <Filter>Modules</Filter>
    </ClCompile>
    <ClCompile Include="ModuleDescriptors.cpp">
      <Filter>Modules</Filter>
    </ClCompile>
    <ClCompile Include="DescriptorHeaps.cpp">
      <Filter>Core</Filter>
    </ClCompile>
    <ClCompile Include="CubemapMesh.cpp">
      <Filter>Scene</Filter>
    </ClCompile>
    <ClCompile Include="3rdParty\mikktspace\mikktspace.c">
      <Filter>Scene</Filter>
    </ClCompile>
    <ClCompile Include="3rdParty\mikktspace\weldmesh.c">
      <Filter>Scene</Filter>
    </ClCompile>
    <ClCompile Include="ImGuiPass.cpp">
      <Filter>Passes</Filter>
    </ClCompile>
    <ClCompile Include="3rdParty\imgui-1.89.8\backends\imgui_impl_dx12.cpp">
      <Filter>imgui</Filter>
    </ClCompile>
    <ClCompile Include="3rdParty\imgui-1.89.8\backends\imgui_impl_win32.cpp">
      <Filter>imgui</Filter>
    </ClCompile>
    <ClCompile Include="3rdParty\imgui-1.89.8\imgui.cpp">
      <Filter>imgui</Filter>
    </ClCompile>
    <ClCompile Include="3rdParty\imgui-1.89.8\imgui_demo.cpp">
      <Filter>imgui</Filter>
    </ClCompile>
    <ClCompile Include="3rdParty\imgui-1.89.8\imgui_tables.cpp">
      <Filter>imgui</Filter>
    </ClCompile>
    <ClCompile Include="3rdParty\imgui-1.89.8\imgui_widgets.cpp">
      <Filter>imgui</Filter>
    </ClCompile>
    <ClCompile Include="3rdParty\imgui-1.89.8\imgui_draw.cpp">
      <Filter>imgui</Filter>
    </ClCompile>
    <ClCompile Include="Exercise4.cpp">
      <Filter>Exercises</Filter>
    </ClCompile>
    <ClCompile Include="ModuleSamplers.cpp">
      <Filter>Modules</Filter>
    </ClCompile>
    <ClCompile Include="Model.cpp">
      <Filter>Scene</Filter>
    </ClCompile>
    <ClCompile Include="Exercise5.cpp">
      <Filter>Exercises</Filter>
    </ClCompile>
    <ClCompile Include="BasicMaterial.cpp">
      <Filter>Scene</Filter>
    </ClCompile>
  </ItemGroup>
  <ItemGroup>
    <ClInclude Include="EngineDX.h">
      <Filter>Core</Filter>
    </ClInclude>
    <ClInclude Include="Application.h">
      <Filter>Core</Filter>
    </ClInclude>
    <ClInclude Include="D3D12MemAlloc.h">
      <Filter>Core</Filter>
    </ClInclude>
    <ClInclude Include="debug_draw.hpp">
      <Filter>Core</Filter>
    </ClInclude>
    <ClInclude Include="DebugDrawPass.h">
      <Filter>Passes</Filter>
    </ClInclude>
    <ClInclude Include="framework.h">
      <Filter>Win</Filter>
    </ClInclude>
    <ClInclude Include="Exercise3.h">
      <Filter>Exercises</Filter>
    </ClInclude>
    <ClInclude Include="Exercise2.h">
      <Filter>Exercises</Filter>
    </ClInclude>
    <ClInclude Include="Exercise1.h">
      <Filter>Exercises</Filter>
    </ClInclude>
    <ClInclude Include="GamePad.h">
      <Filter>Core</Filter>
    </ClInclude>
    <ClInclude Include="Globals.h">
      <Filter>Core</Filter>
    </ClInclude>
    <ClInclude Include="Keyboard.h">
      <Filter>Core</Filter>
    </ClInclude>
    <ClInclude Include="Module.h">
      <Filter>Modules</Filter>
    </ClInclude>
    <ClInclude Include="ModuleCamera.h">
      <Filter>Modules</Filter>
    </ClInclude>
    <ClInclude Include="ModuleD3D12.h">
      <Filter>Modules</Filter>
    </ClInclude>
    <ClInclude Include="ModuleInput.h">
      <Filter>Modules</Filter>
    </ClInclude>
    <ClInclude Include="ModuleRender.h">
      <Filter>Modules</Filter>
    </ClInclude>
    <ClInclude Include="Mouse.h">
      <Filter>Core</Filter>
    </ClInclude>
    <ClInclude Include="PlatformHelpers.h">
      <Filter>Core</Filter>
    </ClInclude>
    <ClInclude Include="Resource.h">
      <Filter>Win</Filter>
    </ClInclude>
    <ClInclude Include="SimpleMath.h">
      <Filter>Core</Filter>
    </ClInclude>
    <ClInclude Include="targetver.h">
      <Filter>Win</Filter>
    </ClInclude>
    <ClInclude Include="ModuleLevel.h">
      <Filter>Modules</Filter>
    </ClInclude>
    <ClInclude Include="Material.h">
      <Filter>Scene</Filter>
    </ClInclude>
    <ClInclude Include="Mesh.h">
      <Filter>Scene</Filter>
    </ClInclude>
    <ClInclude Include="Scene.h">
      <Filter>Scene</Filter>
    </ClInclude>
    <ClInclude Include="Skybox.h">
      <Filter>Scene</Filter>
    </ClInclude>
    <ClInclude Include="3rdParty\mikktspace\mikktspace.h">
      <Filter>Scene</Filter>
    </ClInclude>
    <ClInclude Include="3rdParty\mikktspace\weldmesh.h">
      <Filter>Scene</Filter>
    </ClInclude>
    <ClInclude Include="ModuleResources.h">
      <Filter>Modules</Filter>
    </ClInclude>
    <ClInclude Include="ModuleDescriptors.h">
      <Filter>Modules</Filter>
    </ClInclude>
    <ClInclude Include="DescriptorHeaps.h">
      <Filter>Core</Filter>
    </ClInclude>
    <ClInclude Include="CubemapMesh.h">
      <Filter>Scene</Filter>
    </ClInclude>
    <ClInclude Include="ImGuiPass.h">
      <Filter>Passes</Filter>
    </ClInclude>
    <ClInclude Include="3rdParty\imgui-1.89.8\backends\imgui_impl_dx12.h">
      <Filter>imgui</Filter>
    </ClInclude>
    <ClInclude Include="3rdParty\imgui-1.89.8\backends\imgui_impl_win32.h">
      <Filter>imgui</Filter>
    </ClInclude>
    <ClInclude Include="Exercise4.h">
      <Filter>Exercises</Filter>
    </ClInclude>
    <ClInclude Include="ReadData.h">
      <Filter>Core</Filter>
    </ClInclude>
    <ClInclude Include="ModuleSamplers.h">
      <Filter>Modules</Filter>
    </ClInclude>
    <ClInclude Include="gltf_utils.h">
      <Filter>Scene</Filter>
    </ClInclude>
    <ClInclude Include="Model.h">
      <Filter>Scene</Filter>
    </ClInclude>
    <ClInclude Include="Exercise5.h">
      <Filter>Exercises</Filter>
    </ClInclude>
    <ClInclude Include="BasicMaterial.h">
      <Filter>Scene</Filter>
    </ClInclude>
  </ItemGroup>
  <ItemGroup>
    <Image Include="EngineDX.ico">
      <Filter>Win</Filter>
    </Image>
    <Image Include="small.ico">
      <Filter>Win</Filter>
    </Image>
  </ItemGroup>
  <ItemGroup>
    <Filter Include="Core">
      <UniqueIdentifier>{0500fa9f-6a44-425e-bd2c-e2df31bf6709}</UniqueIdentifier>
    </Filter>
    <Filter Include="Win">
      <UniqueIdentifier>{c488d9ce-58b7-4215-b854-4578f67d9888}</UniqueIdentifier>
    </Filter>
    <Filter Include="Exercises">
      <UniqueIdentifier>{edbbc82e-1836-4001-bf0f-5a07b4ea07fe}</UniqueIdentifier>
    </Filter>
    <Filter Include="Modules">
      <UniqueIdentifier>{1431aa79-67d7-481e-99d8-65d04f27f554}</UniqueIdentifier>
    </Filter>
    <Filter Include="Passes">
      <UniqueIdentifier>{35702044-ca9e-4bdd-9370-f5015d8e0b65}</UniqueIdentifier>
    </Filter>
    <Filter Include="Scene">
      <UniqueIdentifier>{f2fccf36-ab7e-4a4c-a867-61cc3573c379}</UniqueIdentifier>
    </Filter>
    <Filter Include="Shaders">
      <UniqueIdentifier>{03dd5f68-5267-48e5-80d0-f0e44a44d4e8}</UniqueIdentifier>
    </Filter>
    <Filter Include="imgui">
      <UniqueIdentifier>{d31bd066-260e-4cf0-bb22-161b53a5d311}</UniqueIdentifier>
    </Filter>
  </ItemGroup>
  <ItemGroup>
    <ResourceCompile Include="EngineDX.rc">
      <Filter>Win</Filter>
    </ResourceCompile>
  </ItemGroup>
  <ItemGroup>
    <None Include="SimpleMath.inl">
      <Filter>Core</Filter>
    </None>
  </ItemGroup>
  <ItemGroup>
    <FxCompile Include="Shaders\Exercise2PS.hlsl">
      <Filter>Shaders</Filter>
    </FxCompile>
    <FxCompile Include="Shaders\Exercise2VS.hlsl">
      <Filter>Shaders</Filter>
    </FxCompile>
    <FxCompile Include="Shaders\Exercise3PS.hlsl">
      <Filter>Shaders</Filter>
    </FxCompile>
    <FxCompile Include="Shaders\Exercise3VS.hlsl">
      <Filter>Shaders</Filter>
    </FxCompile>
    <FxCompile Include="Shaders\Exercise4PS.hlsl">
      <Filter>Shaders</Filter>
    </FxCompile>
    <FxCompile Include="Shaders\Exercise4VS.hlsl">
      <Filter>Shaders</Filter>
    </FxCompile>
    <FxCompile Include="Shaders\Exercise5PS.hlsl">
      <Filter>Shaders</Filter>
    </FxCompile>
    <FxCompile Include="Shaders\Exercise5VS.hlsl">
      <Filter>Shaders</Filter>
    </FxCompile>
  </ItemGroup>
</Project>